
Microsoft Visual Studio Solution File, Format Version 12.00
# Visual Studio Version 17
VisualStudioVersion = 17.4.33205.214
MinimumVisualStudioVersion = 10.0.40219.1
Project("{9A19103F-16F7-4668-BE54-9A1E7A4F7556}") = "FiwareNet", "FiwareNet\FiwareNet.csproj", "{93969A86-2FC2-46C5-912F-FD05ED6AC7B4}"
EndProject
Project("{9A19103F-16F7-4668-BE54-9A1E7A4F7556}") = "FiwareNet.Tests", "FiwareNet.Tests\FiwareNet.Tests.csproj", "{3E1228BD-8B88-4686-870C-30F732714F6D}"
EndProject
Global
	GlobalSection(SolutionConfigurationPlatforms) = preSolution
		Debug|Any CPU = Debug|Any CPU
		Release|Any CPU = Release|Any CPU
	EndGlobalSection
	GlobalSection(ProjectConfigurationPlatforms) = postSolution
		{93969A86-2FC2-46C5-912F-FD05ED6AC7B4}.Debug|Any CPU.ActiveCfg = Debug|Any CPU
		{93969A86-2FC2-46C5-912F-FD05ED6AC7B4}.Debug|Any CPU.Build.0 = Debug|Any CPU
		{93969A86-2FC2-46C5-912F-FD05ED6AC7B4}.Release|Any CPU.ActiveCfg = Release|Any CPU
		{93969A86-2FC2-46C5-912F-FD05ED6AC7B4}.Release|Any CPU.Build.0 = Release|Any CPU
		{3E1228BD-8B88-4686-870C-30F732714F6D}.Debug|Any CPU.ActiveCfg = Debug|Any CPU
		{3E1228BD-8B88-4686-870C-30F732714F6D}.Debug|Any CPU.Build.0 = Debug|Any CPU
		{3E1228BD-8B88-4686-870C-30F732714F6D}.Release|Any CPU.ActiveCfg = Release|Any CPU
		{3E1228BD-8B88-4686-870C-30F732714F6D}.Release|Any CPU.Build.0 = Release|Any CPU
	EndGlobalSection
	GlobalSection(SolutionProperties) = preSolution
		HideSolutionNode = FALSE
	EndGlobalSection
	GlobalSection(ExtensibilityGlobals) = postSolution
		SolutionGuid = {D6EDD298-DAC9-4D47-956D-E4818452AEFC}
	EndGlobalSection
EndGlobal
